{
  "nodes": {
    "dms": {
      "inputs": {
        "nixpkgs": [
          "nixpkgs"
        ],
        "quickshell": "quickshell"
      },
      "locked": {
        "lastModified": 1777431599,
        "narHash": "sha256-g6r/Gx8PTDzO3jCNzzySA+Ff1lmLF9nDlMCNyyoQjoE=",
        "owner": "AvengeMedia",
        "repo": "DankMaterialShell",
        "rev": "eb5afcdc40ea5446c27e18552ff4a19f9daf9484",
        "type": "github"
      },
      "original": {
        "owner": "AvengeMedia",
        "ref": "stable",
        "repo": "DankMaterialShell",
        "type": "github"
      }
    },
    "flake-utils": {
      "inputs": {
        "systems": "systems"
      },
      "locked": {
        "lastModified": 1731533236,
        "narHash": "sha256-l0KFg5HjrsfsO/JpG+r7fRrqm12kzFHyUHqHCVpMMbI=",
        "owner": "numtide",
        "repo": "flake-utils",
        "rev": "11707dc2f618dd54ca8739b309ec4fc024de578b",
        "type": "github"
      },
      "original": {
        "owner": "numtide",
        "repo": "flake-utils",
        "type": "github"
      }
    },
    "home-manager": {
      "inputs": {
        "nixpkgs": [
          "nixpkgs"
        ]
      },
      "locked": {
        "lastModified": 1781115031,
        "narHash": "sha256-WrHqMjiilIoqF1Lu5mxt9ypdl+VsNfX323LR4PcY4Bs=",
        "owner": "nix-community",
        "repo": "home-manager",
        "rev": "f96f717a47589c9d0b6e21f1a0d0d42d2c576f18",
        "type": "github"
      },
      "original": {
        "owner": "nix-community",
        "repo": "home-manager",
        "type": "github"
      }
    },
    "home-manager_2": {
      "inputs": {
        "nixpkgs": [
          "zen-browser",
          "nixpkgs"
        ]
      },
      "locked": {
        "lastModified": 1780515920,
        "narHash": "sha256-8KX2hEeOX6KP3hBBJJI8dGWVrzbOOf1rBPmg/GUG24U=",
        "owner": "nix-community",
        "repo": "home-manager",
        "rev": "4c5c1e8ba14f1c7475fa31ff11bc1c19cd220974",
        "type": "github"
      },
      "original": {
        "owner": "nix-community",
        "repo": "home-manager",
        "type": "github"
      }
    },
    "nix-darwin": {
      "inputs": {
        "nixpkgs": [
          "nixpkgs"
        ]
      },
      "locked": {
        "lastModified": 1780795403,
        "narHash": "sha256-AkWx4Zt9pQbD/f82Z8N57+d0HGLN/rV3gdMKJTpBPKs=",
        "owner": "nix-darwin",
        "repo": "nix-darwin",
        "rev": "6a771120d607dcccb279a27d227650e324815c35",
        "type": "github"
      },
      "original": {
        "owner": "nix-darwin",
        "ref": "master",
        "repo": "nix-darwin",
        "type": "github"
      }
    },
    "nixos-hardware": {
      "inputs": {
        "nixpkgs": "nixpkgs"
      },
      "locked": {
        "lastModified": 1781020964,
        "narHash": "sha256-fS7xTi2j2iso5Hj7RNZLv/acDlCT+fgMVkVk40A7Uco=",
        "owner": "NixOS",
        "repo": "nixos-hardware",
        "rev": "32c2cd9e46286c4eced3dc6b613c659126bf3cca",
        "type": "github"
      },
      "original": {
        "owner": "NixOS",
        "repo": "nixos-hardware",
        "type": "github"
      }
    },
    "nixpkgs": {
      "locked": {
        "lastModified": 1767892417,
        "narHash": "sha256-8bW3q88CEg2u4hSP66Vf4lpbLonHz7hqDNBMcCY7E9U=",
        "rev": "3497aa5c9457a9d88d71fa93a4a8368816fbeeba",
        "type": "tarball",
        "url": "https://releases.nixos.org/nixos/unstable/nixos-26.05pre924538.3497aa5c9457/nixexprs.tar.xz"
      },
      "original": {
        "type": "tarball",
        "url": "https://channels.nixos.org/nixos-unstable/nixexprs.tar.xz"
      }
    },
    "nixpkgs_2": {
      "locked": {
        "lastModified": 1780749050,
        "narHash": "sha256-3av0pIjlOWQ6rDbNOmpUSvbNnJkGORQKKjb4LtCZsIY=",
        "owner": "NixOS",
        "repo": "nixpkgs",
        "rev": "a799d3e3886da994fa307f817a6bc705ae538eeb",
        "type": "github"
      },
      "original": {
        "owner": "NixOS",
        "ref": "nixos-unstable",
        "repo": "nixpkgs",
        "type": "github"
      }
    },
    "opnix": {
      "inputs": {
        "flake-utils": "flake-utils",
        "nixpkgs": [
          "nixpkgs"
        ]
      },
      "locked": {
        "lastModified": 1779201624,
        "narHash": "sha256-UwDxtB3D42/OW1kIp/OHoVPlJnoWrRK5E/KbX4yrbPA=",
        "owner": "brizzbuzz",
        "repo": "opnix",
        "rev": "35344e1cfd060d4af249c8075a4aa58b7650ab95",
        "type": "github"
      },
      "original": {
        "owner": "brizzbuzz",
        "repo": "opnix",
        "type": "github"
      }
    },
    "quickshell": {
      "inputs": {
        "nixpkgs": [
          "dms",
          "nixpkgs"
        ]
      },
      "locked": {
        "lastModified": 1776854048,
        "narHash": "sha256-lLbV66V3RMNp1l8/UelmR4YzoJ5ONtgvEtiUMJATH/o=",
        "ref": "refs/heads/master",
        "rev": "783c953987dc56ff0601abe6845ed96f1d00495a",
        "revCount": 806,
        "type": "git",
        "url": "https://git.outfoxxed.me/quickshell/quickshell"
      },
      "original": {
        "rev": "783c953987dc56ff0601abe6845ed96f1d00495a",
        "type": "git",
        "url": "https://git.outfoxxed.me/quickshell/quickshell"
      }
    },
    "root": {
      "inputs": {
        "dms": "dms",
        "home-manager": "home-manager",
        "nix-darwin": "nix-darwin",
        "nixos-hardware": "nixos-hardware",
        "nixpkgs": "nixpkgs_2",
        "opnix": "opnix",
        "zen-browser": "zen-browser"
      }
    },
    "systems": {
      "locked": {
        "lastModified": 1681028828,
        "narHash": "sha256-Vy1rq5AaRuLzOxct8nz4T6wlgyUR7zLU309k9mBC768=",
        "owner": "nix-systems",
        "repo": "default",
        "rev": "da67096a3b9bf56a91d16901293e51ba5b49a27e",
        "type": "github"
      },
      "original": {
        "owner": "nix-systems",
        "repo": "default",
        "type": "github"
      }
    },
    "zen-browser": {
      "inputs": {
        "home-manager": "home-manager_2",
        "nixpkgs": [
          "nixpkgs"
        ]
      },
      "locked": {
        "lastModified": 1781116682,
        "narHash": "sha256-Q4k41XMnguvtIJVDIxyEiqhb1rEsRbJMZP2fDSOP3Tw=",
        "owner": "0xc000022070",
        "repo": "zen-browser-flake",
        "rev": "0fcbd427a253a83ded32fdb82fb1d68556b71ae9",
        "type": "github"
      },
      "original": {
        "owner": "0xc000022070",
        "repo": "zen-browser-flake",
        "type": "github"
      }
    }
  },
  "root": "root",
  "version": 7
}
